
Microsoft Visual Studio Solution File, Format Version 12.00
# Visual Studio Version 16
VisualStudioVersion = 16.0.31727.386
MinimumVisualStudioVersion = 10.0.40219.1
Project("{8BC9CEB8-8B4A-11D0-8D11-00A0C91BC942}") = "La_All", "La_All\La_All.vcxproj", "{B2A7051F-0D10-4E94-A6D8-52F9613429BE}"
EndProject
Global
	GlobalSection(SolutionConfigurationPlatforms) = preSolution
		Debug|x64 = Debug|x64
		Debug|x86 = Debug|x86
		Release|x64 = Release|x64
		Release|x86 = Release|x86
	EndGlobalSection
	GlobalSection(ProjectConfigurationPlatforms) = postSolution
		{B2A7051F-0D10-4E94-A6D8-52F9613429BE}.Debug|x64.ActiveCfg = Debug|x64
		{B2A7051F-0D10-4E94-A6D8-52F9613429BE}.Debug|x64.Build.0 = Debug|x64
		{B2A7051F-0D10-4E94-A6D8-52F9613429BE}.Debug|x86.ActiveCfg = Debug|Win32
		{B2A7051F-0D10-4E94-A6D8-52F9613429BE}.Debug|x86.Build.0 = Debug|Win32
		{B2A7051F-0D10-4E94-A6D8-52F9613429BE}.Release|x64.ActiveCfg = Release|x64
		{B2A7051F-0D10-4E94-A6D8-52F9613429BE}.Release|x64.Build.0 = Release|x64
		{B2A7051F-0D10-4E94-A6D8-52F9613429BE}.Release|x86.ActiveCfg = Release|Win32
		{B2A7051F-0D10-4E94-A6D8-52F9613429BE}.Release|x86.Build.0 = Release|Win32
	EndGlobalSection
	GlobalSection(SolutionProperties) = preSolution
		HideSolutionNode = FALSE
	EndGlobalSection
	GlobalSection(ExtensibilityGlobals) = postSolution
		SolutionGuid = {F3038B85-213B-4315-970A-3CF70E868476}
	EndGlobalSection
EndGlobal
